// !$*UTF8*$!
{
	archiveVersion = 1;
	classes = {
	};
	objectVersion = 46;
	objects = {

/* Begin PBXBuildFile section */
		187F66121BE785E30094AF20 /* main.m in Sources */ = {isa = PBXBuildFile; fileRef = 187F66111BE785E30094AF20 /* main.m */; };
		187F66151BE785E30094AF20 /* AppDelegate.m in Sources */ = {isa = PBXBuildFile; fileRef = 187F66141BE785E30094AF20 /* AppDelegate.m */; };
		187F66181BE785E30094AF20 /* ViewController.m in Sources */ = {isa = PBXBuildFile; fileRef = 187F66171BE785E30094AF20 /* ViewController.m */; };
		187F661B1BE785E30094AF20 /* Main.storyboard in Resources */ = {isa = PBXBuildFile; fileRef = 187F66191BE785E30094AF20 /* Main.storyboard */; };
		187F661D1BE785E30094AF20 /* Assets.xcassets in Resources */ = {isa = PBXBuildFile; fileRef = 187F661C1BE785E30094AF20 /* Assets.xcassets */; };
		187F66201BE785E30094AF20 /* LaunchScreen.storyboard in Resources */ = {isa = PBXBuildFile; fileRef = 187F661E1BE785E30094AF20 /* LaunchScreen.storyboard */; };
		187F662B1BE785E30094AF20 /* ___Tests.m in Sources */ = {isa = PBXBuildFile; fileRef = 187F662A1BE785E30094AF20 /* ___Tests.m */; };
		187F66361BE785E30094AF20 /* ___UITests.m in Sources */ = {isa = PBXBuildFile; fileRef = 187F66351BE785E30094AF20 /* ___UITests.m */; };
/* End PBXBuildFile section */

/* Begin PBXContainerItemProxy section */
		187F66271BE785E30094AF20 /* PBXContainerItemProxy */ = {
			isa = PBXContainerItemProxy;
			containerPortal = 187F66051BE785E30094AF20 /* Project object */;
			proxyType = 1;
			remoteGlobalIDString = 187F660C1BE785E30094AF20;
			remoteInfo = "仿微博";
		};
		187F66321BE785E30094AF20 /* PBXContainerItemProxy */ = {
			isa = PBXContainerItemProxy;
			containerPortal = 187F66051BE785E30094AF20 /* Project object */;
			proxyType = 1;
			remoteGlobalIDString = 187F660C1BE785E30094AF20;
			remoteInfo = "仿微博";
		};
/* End PBXContainerItemProxy section */

/* Begin PBXFileReference section */
		187F660D1BE785E30094AF20 /* 仿微博.app */ = {isa = PBXFileReference; explicitFileType = wrapper.application; includeInIndex = 0; path = "仿微博.app"; sourceTree = BUILT_PRODUCTS_DIR; };
		187F66111BE785E30094AF20 /* main.m */ = {isa = PBXFileReference; lastKnownFileType = sourcecode.c.objc; path = main.m; sourceTree = "<group>"; };
		187F66131BE785E30094AF20 /* AppDelegate.h */ = {isa = PBXFileReference; lastKnownFileType = sourcecode.c.h; path = AppDelegate.h; sourceTree = "<group>"; };
		187F66141BE785E30094AF20 /* AppDelegate.m */ = {isa = PBXFileReference; lastKnownFileType = sourcecode.c.objc; path = AppDelegate.m; sourceTree = "<group>"; };
		187F66161BE785E30094AF20 /* ViewController.h */ = {isa = PBXFileReference; lastKnownFileType = sourcecode.c.h; path = ViewController.h; sourceTree = "<group>"; };
		187F66171BE785E30094AF20 /* ViewController.m */ = {isa = PBXFileReference; lastKnownFileType = sourcecode.c.objc; path = ViewController.m; sourceTree = "<group>"; };
		187F661A1BE785E30094AF20 /* Base */ = {isa = PBXFileReference; lastKnownFileType = file.storyboard; name = Base; path = Base.lproj/Main.storyboard; sourceTree = "<group>"; };
		187F661C1BE785E30094AF20 /* Assets.xcassets */ = {isa = PBXFileReference; lastKnownFileType = folder.assetcatalog; path = Assets.xcassets; sourceTree = "<group>"; };
		187F661F1BE785E30094AF20 /* Base */ = {isa = PBXFileReference; lastKnownFileType = file.storyboard; name = Base; path = Base.lproj/LaunchScreen.storyboard; sourceTree = "<group>"; };
		187F66211BE785E30094AF20 /* Info.plist */ = {isa = PBXFileReference; lastKnownFileType = text.plist.xml; path = Info.plist; sourceTree = "<group>"; };
		187F66261BE785E30094AF20 /* 仿微博Tests.xctest */ = {isa = PBXFileReference; explicitFileType = wrapper.cfbundle; includeInIndex = 0; path = "仿微博Tests.xctest"; sourceTree = BUILT_PRODUCTS_DIR; };
		187F662A1BE785E30094AF20 /* ___Tests.m */ = {isa = PBXFileReference; lastKnownFileType = sourcecode.c.objc; path = "___Tests.m"; sourceTree = "<group>"; };
		187F662C1BE785E30094AF20 /* Info.plist */ = {isa = PBXFileReference; lastKnownFileType = text.plist.xml; path = Info.plist; sourceTree = "<group>"; };
		187F66311BE785E30094AF20 /* 仿微博UITests.xctest */ = {isa = PBXFileReference; explicitFileType = wrapper.cfbundle; includeInIndex = 0; path = "仿微博UITests.xctest"; sourceTree = BUILT_PRODUCTS_DIR; };
		187F66351BE785E30094AF20 /* ___UITests.m */ = {isa = PBXFileReference; lastKnownFileType = sourcecode.c.objc; path = "___UITests.m"; sourceTree = "<group>"; };
		187F66371BE785E30094AF20 /* Info.plist */ = {isa = PBXFileReference; lastKnownFileType = text.plist.xml; path = Info.plist; sourceTree = "<group>"; };
/* End PBXFileReference section */

/* Begin PBXFrameworksBuildPhase section */
		187F660A1BE785E30094AF20 /* Frameworks */ = {
			isa = PBXFrameworksBuildPhase;
			buildActionMask = 2147483647;
			files = (
			);
			runOnlyForDeploymentPostprocessing = 0;
		};
		187F66231BE785E30094AF20 /* Frameworks */ = {
			isa = PBXFrameworksBuildPhase;
			buildActionMask = 2147483647;
			files = (
			);
			runOnlyForDeploymentPostprocessing = 0;
		};
		187F662E1BE785E30094AF20 /* Frameworks */ = {
			isa = PBXFrameworksBuildPhase;
			buildActionMask = 2147483647;
			files = (
			);
			runOnlyForDeploymentPostprocessing = 0;
		};
/* End PBXFrameworksBuildPhase section */

/* Begin PBXGroup section */
		187F66041BE785E30094AF20 = {
			isa = PBXGroup;
			children = (
				187F660F1BE785E30094AF20 /* 仿微博 */,
				187F66291BE785E30094AF20 /* 仿微博Tests */,
				187F66341BE785E30094AF20 /* 仿微博UITests */,
				187F660E1BE785E30094AF20 /* Products */,
			);
			sourceTree = "<group>";
		};
		187F660E1BE785E30094AF20 /* Products */ = {
			isa = PBXGroup;
			children = (
				187F660D1BE785E30094AF20 /* 仿微博.app */,
				187F66261BE785E30094AF20 /* 仿微博Tests.xctest */,
				187F66311BE785E30094AF20 /* 仿微博UITests.xctest */,
			);
			name = Products;
			sourceTree = "<group>";
		};
		187F660F1BE785E30094AF20 /* 仿微博 */ = {
			isa = PBXGroup;
			children = (
				187F66131BE785E30094AF20 /* AppDelegate.h */,
				187F66141BE785E30094AF20 /* AppDelegate.m */,
				187F66161BE785E30094AF20 /* ViewController.h */,
				187F66171BE785E30094AF20 /* ViewController.m */,
				187F66191BE785E30094AF20 /* Main.storyboard */,
				187F661C1BE785E30094AF20 /* Assets.xcassets */,
				187F661E1BE785E30094AF20 /* LaunchScreen.storyboard */,
				187F66211BE785E30094AF20 /* Info.plist */,
				187F66101BE785E30094AF20 /* Supporting Files */,
			);
			path = "仿微博";
			sourceTree = "<group>";
		};
		187F66101BE785E30094AF20 /* Supporting Files */ = {
			isa = PBXGroup;
			children = (
				187F66111BE785E30094AF20 /* main.m */,
			);
			name = "Supporting Files";
			sourceTree = "<group>";
		};
		187F66291BE785E30094AF20 /* 仿微博Tests */ = {
			isa = PBXGroup;
			children = (
				187F662A1BE785E30094AF20 /* ___Tests.m */,
				187F662C1BE785E30094AF20 /* Info.plist */,
			);
			path = "仿微博Tests";
			sourceTree = "<group>";
		};
		187F66341BE785E30094AF20 /* 仿微博UITests */ = {
			isa = PBXGroup;
			children = (
				187F66351BE785E30094AF20 /* ___UITests.m */,
				187F66371BE785E30094AF20 /* Info.plist */,
			);
			path = "仿微博UITests";
			sourceTree = "<group>";
		};
/* End PBXGroup section */

/* Begin PBXNativeTarget section */
		187F660C1BE785E30094AF20 /* 仿微博 */ = {
			isa = PBXNativeTarget;
			buildConfigurationList = 187F663A1BE785E30094AF20 /* Build configuration list for PBXNativeTarget "仿微博" */;
			buildPhases = (
				187F66091BE785E30094AF20 /* Sources */,
				187F660A1BE785E30094AF20 /* Frameworks */,
				187F660B1BE785E30094AF20 /* Resources */,
			);
			buildRules = (
			);
			dependencies = (
			);
			name = "仿微博";
			productName = "仿微博";
			productReference = 187F660D1BE785E30094AF20 /* 仿微博.app */;
			productType = "com.apple.product-type.application";
		};
		187F66251BE785E30094AF20 /* 仿微博Tests */ = {
			isa = PBXNativeTarget;
			buildConfigurationList = 187F663D1BE785E30094AF20 /* Build configuration list for PBXNativeTarget "仿微博Tests" */;
			buildPhases = (
				187F66221BE785E30094AF20 /* Sources */,
				187F66231BE785E30094AF20 /* Frameworks */,
				187F66241BE785E30094AF20 /* Resources */,
			);
			buildRules = (
			);
			dependencies = (
				187F66281BE785E30094AF20 /* PBXTargetDependency */,
			);
			name = "仿微博Tests";
			productName = "仿微博Tests";
			productReference = 187F66261BE785E30094AF20 /* 仿微博Tests.xctest */;
			productType = "com.apple.product-type.bundle.unit-test";
		};
		187F66301BE785E30094AF20 /* 仿微博UITests */ = {
			isa = PBXNativeTarget;
			buildConfigurationList = 187F66401BE785E30094AF20 /* Build configuration list for PBXNativeTarget "仿微博UITests" */;
			buildPhases = (
				187F662D1BE785E30094AF20 /* Sources */,
				187F662E1BE785E30094AF20 /* Frameworks */,
				187F662F1BE785E30094AF20 /* Resources */,
			);
			buildRules = (
			);
			dependencies = (
				187F66331BE785E30094AF20 /* PBXTargetDependency */,
			);
			name = "仿微博UITests";
			productName = "仿微博UITests";
			productReference = 187F66311BE785E30094AF20 /* 仿微博UITests.xctest */;
			productType = "com.apple.product-type.bundle.ui-testing";
		};
/* End PBXNativeTarget section */

/* Begin PBXProject section */
		187F66051BE785E30094AF20 /* Project object */ = {
			isa = PBXProject;
			attributes = {
				LastUpgradeCheck = 0710;
				ORGANIZATIONNAME = Yzc;
				TargetAttributes = {
					187F660C1BE785E30094AF20 = {
						CreatedOnToolsVersion = 7.1;
						DevelopmentTeam = 4XLMJ8J23D;
					};
					187F66251BE785E30094AF20 = {
						CreatedOnToolsVersion = 7.1;
						DevelopmentTeam = 4XLMJ8J23D;
						TestTargetID = 187F660C1BE785E30094AF20;
					};
					187F66301BE785E30094AF20 = {
						CreatedOnToolsVersion = 7.1;
						DevelopmentTeam = 4XLMJ8J23D;
						TestTargetID = 187F660C1BE785E30094AF20;
					};
				};
			};
			buildConfigurationList = 187F66081BE785E30094AF20 /* Build configuration list for PBXProject "仿微博" */;
			compatibilityVersion = "Xcode 3.2";
			developmentRegion = English;
			hasScannedForEncodings = 0;
			knownRegions = (
				en,
				Base,
			);
			mainGroup = 187F66041BE785E30094AF20;
			productRefGroup = 187F660E1BE785E30094AF20 /* Products */;
			projectDirPath = "";
			projectRoot = "";
			targets = (
				187F660C1BE785E30094AF20 /* 仿微博 */,
				187F66251BE785E30094AF20 /* 仿微博Tests */,
				187F66301BE785E30094AF20 /* 仿微博UITests */,
			);
		};
/* End PBXProject section */

/* Begin PBXResourcesBuildPhase section */
		187F660B1BE785E30094AF20 /* Resources */ = {
			isa = PBXResourcesBuildPhase;
			buildActionMask = 2147483647;
			files = (
				187F66201BE785E30094AF20 /* LaunchScreen.storyboard in Resources */,
				187F661D1BE785E30094AF20 /* Assets.xcassets in Resources */,
				187F661B1BE785E30094AF20 /* Main.storyboard in Resources */,
			);
			runOnlyForDeploymentPostprocessing = 0;
		};
		187F66241BE785E30094AF20 /* Resources */ = {
			isa = PBXResourcesBuildPhase;
			buildActionMask = 2147483647;
			files = (
			);
			runOnlyForDeploymentPostprocessing = 0;
		};
		187F662F1BE785E30094AF20 /* Resources */ = {
			isa = PBXResourcesBuildPhase;
			buildActionMask = 2147483647;
			files = (
			);
			runOnlyForDeploymentPostprocessing = 0;
		};
/* End PBXResourcesBuildPhase section */

/* Begin PBXSourcesBuildPhase section */
		187F66091BE785E30094AF20 /* Sources */ = {
			isa = PBXSourcesBuildPhase;
			buildActionMask = 2147483647;
			files = (
				187F66181BE785E30094AF20 /* ViewController.m in Sources */,
				187F66151BE785E30094AF20 /* AppDelegate.m in Sources */,
				187F66121BE785E30094AF20 /* main.m in Sources */,
			);
			runOnlyForDeploymentPostprocessing = 0;
		};
		187F66221BE785E30094AF20 /* Sources */ = {
			isa = PBXSourcesBuildPhase;
			buildActionMask = 2147483647;
			files = (
				187F662B1BE785E30094AF20 /* ___Tests.m in Sources */,
			);
			runOnlyForDeploymentPostprocessing = 0;
		};
		187F662D1BE785E30094AF20 /* Sources */ = {
			isa = PBXSourcesBuildPhase;
			buildActionMask = 2147483647;
			files = (
				187F66361BE785E30094AF20 /* ___UITests.m in Sources */,
			);
			runOnlyForDeploymentPostprocessing = 0;
		};
/* End PBXSourcesBuildPhase section */

/* Begin PBXTargetDependency section */
		187F66281BE785E30094AF20 /* PBXTargetDependency */ = {
			isa = PBXTargetDependency;
			target = 187F660C1BE785E30094AF20 /* 仿微博 */;
			targetProxy = 187F66271BE785E30094AF20 /* PBXContainerItemProxy */;
		};
		187F66331BE785E30094AF20 /* PBXTargetDependency */ = {
			isa = PBXTargetDependency;
			target = 187F660C1BE785E30094AF20 /* 仿微博 */;
			targetProxy = 187F66321BE785E30094AF20 /* PBXContainerItemProxy */;
		};
/* End PBXTargetDependency section */

/* Begin PBXVariantGroup section */
		187F66191BE785E30094AF20 /* Main.storyboard */ = {
			isa = PBXVariantGroup;
			children = (
				187F661A1BE785E30094AF20 /* Base */,
			);
			name = Main.storyboard;
			sourceTree = "<group>";
		};
		187F661E1BE785E30094AF20 /* LaunchScreen.storyboard */ = {
			isa = PBXVariantGroup;
			children = (
				187F661F1BE785E30094AF20 /* Base */,
			);
			name = LaunchScreen.storyboard;
			sourceTree = "<group>";
		};
/* End PBXVariantGroup section */

/* Begin XCBuildConfiguration section */
		187F66381BE785E30094AF20 /* Debug */ = {
			isa = XCBuildConfiguration;
			buildSettings = {
				ALWAYS_SEARCH_USER_PATHS = NO;
				CLANG_CXX_LANGUAGE_STANDARD = "gnu++0x";
				CLANG_CXX_LIBRARY = "libc++";
				CLANG_ENABLE_MODULES = YES;
				CLANG_ENABLE_OBJC_ARC = YES;
				CLANG_WARN_BOOL_CONVERSION = YES;
				CLANG_WARN_CONSTANT_CONVERSION = YES;
				CLANG_WARN_DIRECT_OBJC_ISA_USAGE = YES_ERROR;
				CLANG_WARN_EMPTY_BODY = YES;
				CLANG_WARN_ENUM_CONVERSION = YES;
				CLANG_WARN_INT_CONVERSION = YES;
				CLANG_WARN_OBJC_ROOT_CLASS = YES_ERROR;
				CLANG_WARN_UNREACHABLE_CODE = YES;
				CLANG_WARN__DUPLICATE_METHOD_MATCH = YES;
				"CODE_SIGN_IDENTITY[sdk=iphoneos*]" = "iPhone Developer";
				COPY_PHASE_STRIP = NO;
				DEBUG_INFORMATION_FORMAT = dwarf;
				ENABLE_STRICT_OBJC_MSGSEND = YES;
				ENABLE_TESTABILITY = YES;
				GCC_C_LANGUAGE_STANDARD = gnu99;
				GCC_DYNAMIC_NO_PIC = NO;
				GCC_NO_COMMON_BLOCKS = YES;
				GCC_OPTIMIZATION_LEVEL = 0;
				GCC_PREPROCESSOR_DEFINITIONS = (
					"DEBUG=1",
					"$(inherited)",
				);
				GCC_WARN_64_TO_32_BIT_CONVERSION = YES;
				GCC_WARN_ABOUT_RETURN_TYPE = YES_ERROR;
				GCC_WARN_UNDECLARED_SELECTOR = YES;
				GCC_WARN_UNINITIALIZED_AUTOS = YES_AGGRESSIVE;
				GCC_WARN_UNUSED_FUNCTION = YES;
				GCC_WARN_UNUSED_VARIABLE = YES;
				IPHONEOS_DEPLOYMENT_TARGET = 9.1;
				MTL_ENABLE_DEBUG_INFO = YES;
				ONLY_ACTIVE_ARCH = YES;
				SDKROOT = iphoneos;
			};
			name = Debug;
		};
		187F66391BE785E30094AF20 /* Release */ = {
			isa = XCBuildConfiguration;
			buildSettings = {
				ALWAYS_SEARCH_USER_PATHS = NO;
				CLANG_CXX_LANGUAGE_STANDARD = "gnu++0x";
				CLANG_CXX_LIBRARY = "libc++";
				CLANG_ENABLE_MODULES = YES;
				CLANG_ENABLE_OBJC_ARC = YES;
				CLANG_WARN_BOOL_CONVERSION = YES;
				CLANG_WARN_CONSTANT_CONVERSION = YES;
				CLANG_WARN_DIRECT_OBJC_ISA_USAGE = YES_ERROR;
				CLANG_WARN_EMPTY_BODY = YES;
				CLANG_WARN_ENUM_CONVERSION = YES;
				CLANG_WARN_INT_CONVERSION = YES;
				CLANG_WARN_OBJC_ROOT_CLASS = YES_ERROR;
				CLANG_WARN_UNREACHABLE_CODE = YES;
				CLANG_WARN__DUPLICATE_METHOD_MATCH = YES;
				"CODE_SIGN_IDENTITY[sdk=iphoneos*]" = "iPhone Developer";
				COPY_PHASE_STRIP = NO;
				DEBUG_INFORMATION_FORMAT = "dwarf-with-dsym";
				ENABLE_NS_ASSERTIONS = NO;
				ENABLE_STRICT_OBJC_MSGSEND = YES;
				GCC_C_LANGUAGE_STANDARD = gnu99;
				GCC_NO_COMMON_BLOCKS = YES;
				GCC_WARN_64_TO_32_BIT_CONVERSION = YES;
				GCC_WARN_ABOUT_RETURN_TYPE = YES_ERROR;
				GCC_WARN_UNDECLARED_SELECTOR = YES;
				GCC_WARN_UNINITIALIZED_AUTOS = YES_AGGRESSIVE;
				GCC_WARN_UNUSED_FUNCTION = YES;
				GCC_WARN_UNUSED_VARIABLE = YES;
				IPHONEOS_DEPLOYMENT_TARGET = 9.1;
				MTL_ENABLE_DEBUG_INFO = NO;
				SDKROOT = iphoneos;
				VALIDATE_PRODUCT = YES;
			};
			name = Release;
		};
		187F663B1BE785E30094AF20 /* Debug */ = {
			isa = XCBuildConfiguration;
			buildSettings = {
				ASSETCATALOG_COMPILER_APPICON_NAME = AppIcon;
				INFOPLIST_FILE = "仿微博/Info.plist";
				LD_RUNPATH_SEARCH_PATHS = "$(inherited) @executable_path/Frameworks";
				PRODUCT_BUNDLE_IDENTIFIER = "com.yzc.---";
				PRODUCT_NAME = "$(TARGET_NAME)";
			};
			name = Debug;
		};
		187F663C1BE785E30094AF20 /* Release */ = {
			isa = XCBuildConfiguration;
			buildSettings = {
				ASSETCATALOG_COMPILER_APPICON_NAME = AppIcon;
				INFOPLIST_FILE = "仿微博/Info.plist";
				LD_RUNPATH_SEARCH_PATHS = "$(inherited) @executable_path/Frameworks";
				PRODUCT_BUNDLE_IDENTIFIER = "com.yzc.---";
				PRODUCT_NAME = "$(TARGET_NAME)";
			};
			name = Release;
		};
		187F663E1BE785E30094AF20 /* Debug */ = {
			isa = XCBuildConfiguration;
			buildSettings = {
				BUNDLE_LOADER = "$(TEST_HOST)";
				INFOPLIST_FILE = "仿微博Tests/Info.plist";
				LD_RUNPATH_SEARCH_PATHS = "$(inherited) @executable_path/Frameworks @loader_path/Frameworks";
				PRODUCT_BUNDLE_IDENTIFIER = "com.yzc.---Tests";
				PRODUCT_NAME = "$(TARGET_NAME)";
				TEST_HOST = "$(BUILT_PRODUCTS_DIR)/仿微博.app/仿微博";
			};
			name = Debug;
		};
		187F663F1BE785E30094AF20 /* Release */ = {
			isa = XCBuildConfiguration;
			buildSettings = {
				BUNDLE_LOADER = "$(TEST_HOST)";
				INFOPLIST_FILE = "仿微博Tests/Info.plist";
				LD_RUNPATH_SEARCH_PATHS = "$(inherited) @executable_path/Frameworks @loader_path/Frameworks";
				PRODUCT_BUNDLE_IDENTIFIER = "com.yzc.---Tests";
				PRODUCT_NAME = "$(TARGET_NAME)";
				TEST_HOST = "$(BUILT_PRODUCTS_DIR)/仿微博.app/仿微博";
			};
			name = Release;
		};
		187F66411BE785E30094AF20 /* Debug */ = {
			isa = XCBuildConfiguration;
			buildSettings = {
				INFOPLIST_FILE = "仿微博UITests/Info.plist";
				LD_RUNPATH_SEARCH_PATHS = "$(inherited) @executable_path/Frameworks @loader_path/Frameworks";
				PRODUCT_BUNDLE_IDENTIFIER = "com.yzc.---UITests";
				PRODUCT_NAME = "$(TARGET_NAME)";
				TEST_TARGET_NAME = "仿微博";
				USES_XCTRUNNER = YES;
			};
			name = Debug;
		};
		187F66421BE785E30094AF20 /* Release */ = {
			isa = XCBuildConfiguration;
			buildSettings = {
				INFOPLIST_FILE = "仿微博UITests/Info.plist";
				LD_RUNPATH_SEARCH_PATHS = "$(inherited) @executable_path/Frameworks @loader_path/Frameworks";
				PRODUCT_BUNDLE_IDENTIFIER = "com.yzc.---UITests";
				PRODUCT_NAME = "$(TARGET_NAME)";
				TEST_TARGET_NAME = "仿微博";
				USES_XCTRUNNER = YES;
			};
			name = Release;
		};
/* End XCBuildConfiguration section */

/* Begin XCConfigurationList section */
		187F66081BE785E30094AF20 /* Build configuration list for PBXProject "仿微博" */ = {
			isa = XCConfigurationList;
			buildConfigurations = (
				187F66381BE785E30094AF20 /* Debug */,
				187F66391BE785E30094AF20 /* Release */,
			);
			defaultConfigurationIsVisible = 0;
			defaultConfigurationName = Release;
		};
		187F663A1BE785E30094AF20 /* Build configuration list for PBXNativeTarget "仿微博" */ = {
			isa = XCConfigurationList;
			buildConfigurations = (
				187F663B1BE785E30094AF20 /* Debug */,
				187F663C1BE785E30094AF20 /* Release */,
			);
			defaultConfigurationIsVisible = 0;
		};
		187F663D1BE785E30094AF20 /* Build configuration list for PBXNativeTarget "仿微博Tests" */ = {
			isa = XCConfigurationList;
			buildConfigurations = (
				187F663E1BE785E30094AF20 /* Debug */,
				187F663F1BE785E30094AF20 /* Release */,
			);
			defaultConfigurationIsVisible = 0;
		};
		187F66401BE785E30094AF20 /* Build configuration list for PBXNativeTarget "仿微博UITests" */ = {
			isa = XCConfigurationList;
			buildConfigurations = (
				187F66411BE785E30094AF20 /* Debug */,
				187F66421BE785E30094AF20 /* Release */,
			);
			defaultConfigurationIsVisible = 0;
		};
/* End XCConfigurationList section */
	};
	rootObject = 187F66051BE785E30094AF20 /* Project object */;
}
